
Microsoft Visual Studio Solution File, Format Version 11.00
# Visual Studio 2010
Project("{FAE04EC0-301F-11D3-BF4B-00C04F79EFBC}") = "BookShare", "BookShare\BookShare.csproj", "{50FF3F18-BAB2-40F4-B07A-674055E82A43}"
EndProject
Project("{FAE04EC0-301F-11D3-BF4B-00C04F79EFBC}") = "BookShare.Tests", "BookShare.Tests\BookShare.Tests.csproj", "{D7E9FD97-5E7D-4344-940D-8857C9FD8C5B}"
EndProject
Global
	GlobalSection(SolutionConfigurationPlatforms) = preSolution
		Debug|Any CPU = Debug|Any CPU
		Release|Any CPU = Release|Any CPU
	EndGlobalSection
	GlobalSection(ProjectConfigurationPlatforms) = postSolution
		{50FF3F18-BAB2-40F4-B07A-674055E82A43}.Debug|Any CPU.ActiveCfg = Debug|Any CPU
		{50FF3F18-BAB2-40F4-B07A-674055E82A43}.Debug|Any CPU.Build.0 = Debug|Any CPU
		{50FF3F18-BAB2-40F4-B07A-674055E82A43}.Release|Any CPU.ActiveCfg = Release|Any CPU
		{50FF3F18-BAB2-40F4-B07A-674055E82A43}.Release|Any CPU.Build.0 = Release|Any CPU
		{D7E9FD97-5E7D-4344-940D-8857C9FD8C5B}.Debug|Any CPU.ActiveCfg = Debug|Any CPU
		{D7E9FD97-5E7D-4344-940D-8857C9FD8C5B}.Debug|Any CPU.Build.0 = Debug|Any CPU
		{D7E9FD97-5E7D-4344-940D-8857C9FD8C5B}.Release|Any CPU.ActiveCfg = Release|Any CPU
		{D7E9FD97-5E7D-4344-940D-8857C9FD8C5B}.Release|Any CPU.Build.0 = Release|Any CPU
	EndGlobalSection
	GlobalSection(SolutionProperties) = preSolution
		HideSolutionNode = FALSE
	EndGlobalSection
EndGlobal
